// !$*UTF8*$!
{
	archiveVersion = 1;
	classes = {
	};
	objectVersion = 46;
	objects = {

/* Begin PBXBuildFile section */
		041FA8A91DD39BF900CFA640 /* main.swift in Sources */ = {isa = PBXBuildFile; fileRef = 041FA8A81DD39BF900CFA640 /* main.swift */; };
		041FA8B01DD39C5400CFA640 /* SimpleFish.swift in Sources */ = {isa = PBXBuildFile; fileRef = 041FA8AF1DD39C5400CFA640 /* SimpleFish.swift */; };
		041FA8B21DD39C8C00CFA640 /* Blackganstafish.swift in Sources */ = {isa = PBXBuildFile; fileRef = 041FA8B11DD39C8C00CFA640 /* Blackganstafish.swift */; };
		041FA8B61DD3A31E00CFA640 /* Aqarium.swift in Sources */ = {isa = PBXBuildFile; fileRef = 041FA8B51DD3A31E00CFA640 /* Aqarium.swift */; };
/* End PBXBuildFile section */

/* Begin PBXCopyFilesBuildPhase section */
		041FA8A31DD39BF900CFA640 /* CopyFiles */ = {
			isa = PBXCopyFilesBuildPhase;
			buildActionMask = 2147483647;
			dstPath = /usr/share/man/man1/;
			dstSubfolderSpec = 0;
			files = (
			);
			runOnlyForDeploymentPostprocessing = 1;
		};
/* End PBXCopyFilesBuildPhase section */

/* Begin PBXFileReference section */
		041FA8A51DD39BF900CFA640 /* Test-2 */ = {isa = PBXFileReference; explicitFileType = "compiled.mach-o.executable"; includeInIndex = 0; path = "Test-2"; sourceTree = BUILT_PRODUCTS_DIR; };
		041FA8A81DD39BF900CFA640 /* main.swift */ = {isa = PBXFileReference; lastKnownFileType = sourcecode.swift; path = main.swift; sourceTree = "<group>"; };
		041FA8AF1DD39C5400CFA640 /* SimpleFish.swift */ = {isa = PBXFileReference; fileEncoding = 4; lastKnownFileType = sourcecode.swift; path = SimpleFish.swift; sourceTree = "<group>"; };
		041FA8B11DD39C8C00CFA640 /* Blackganstafish.swift */ = {isa = PBXFileReference; fileEncoding = 4; lastKnownFileType = sourcecode.swift; path = Blackganstafish.swift; sourceTree = "<group>"; };
		041FA8B51DD3A31E00CFA640 /* Aqarium.swift */ = {isa = PBXFileReference; fileEncoding = 4; lastKnownFileType = sourcecode.swift; path = Aqarium.swift; sourceTree = "<group>"; };
/* End PBXFileReference section */

/* Begin PBXFrameworksBuildPhase section */
		041FA8A21DD39BF900CFA640 /* Frameworks */ = {
			isa = PBXFrameworksBuildPhase;
			buildActionMask = 2147483647;
			files = (
			);
			runOnlyForDeploymentPostprocessing = 0;
		};
/* End PBXFrameworksBuildPhase section */

/* Begin PBXGroup section */
		041FA89C1DD39BF900CFA640 = {
			isa = PBXGroup;
			children = (
				041FA8A71DD39BF900CFA640 /* Test-2 */,
				041FA8A61DD39BF900CFA640 /* Products */,
			);
			sourceTree = "<group>";
		};
		041FA8A61DD39BF900CFA640 /* Products */ = {
			isa = PBXGroup;
			children = (
				041FA8A51DD39BF900CFA640 /* Test-2 */,
			);
			name = Products;
			sourceTree = "<group>";
		};
		041FA8A71DD39BF900CFA640 /* Test-2 */ = {
			isa = PBXGroup;
			children = (
				041FA8A81DD39BF900CFA640 /* main.swift */,
				041FA8B11DD39C8C00CFA640 /* Blackganstafish.swift */,
				041FA8B51DD3A31E00CFA640 /* Aqarium.swift */,
				041FA8AF1DD39C5400CFA640 /* SimpleFish.swift */,
			);
			path = "Test-2";
			sourceTree = "<group>";
		};
/* End PBXGroup section */

/* Begin PBXNativeTarget section */
		041FA8A41DD39BF900CFA640 /* Test-2 */ = {
			isa = PBXNativeTarget;
			buildConfigurationList = 041FA8AC1DD39BF900CFA640 /* Build configuration list for PBXNativeTarget "Test-2" */;
			buildPhases = (
				041FA8A11DD39BF900CFA640 /* Sources */,
				041FA8A21DD39BF900CFA640 /* Frameworks */,
				041FA8A31DD39BF900CFA640 /* CopyFiles */,
			);
			buildRules = (
			);
			dependencies = (
			);
			name = "Test-2";
			productName = "Test-2";
			productReference = 041FA8A51DD39BF900CFA640 /* Test-2 */;
			productType = "com.apple.product-type.tool";
		};
/* End PBXNativeTarget section */

/* Begin PBXProject section */
		041FA89D1DD39BF900CFA640 /* Project object */ = {
			isa = PBXProject;
			attributes = {
				LastSwiftUpdateCheck = 0810;
				LastUpgradeCheck = 0810;
				ORGANIZATIONNAME = "Andrii Nikitenko";
				TargetAttributes = {
					041FA8A41DD39BF900CFA640 = {
						CreatedOnToolsVersion = 8.1;
						ProvisioningStyle = Automatic;
					};
				};
			};
			buildConfigurationList = 041FA8A01DD39BF900CFA640 /* Build configuration list for PBXProject "Test-2" */;
			compatibilityVersion = "Xcode 3.2";
			developmentRegion = English;
			hasScannedForEncodings = 0;
			knownRegions = (
				en,
			);
			mainGroup = 041FA89C1DD39BF900CFA640;
			productRefGroup = 041FA8A61DD39BF900CFA640 /* Products */;
			projectDirPath = "";
			projectRoot = "";
			targets = (
				041FA8A41DD39BF900CFA640 /* Test-2 */,
			);
		};
/* End PBXProject section */

/* Begin PBXSourcesBuildPhase section */
		041FA8A11DD39BF900CFA640 /* Sources */ = {
			isa = PBXSourcesBuildPhase;
			buildActionMask = 2147483647;
			files = (
				041FA8A91DD39BF900CFA640 /* main.swift in Sources */,
				041FA8B61DD3A31E00CFA640 /* Aqarium.swift in Sources */,
				041FA8B01DD39C5400CFA640 /* SimpleFish.swift in Sources */,
				041FA8B21DD39C8C00CFA640 /* Blackganstafish.swift in Sources */,
			);
			runOnlyForDeploymentPostprocessing = 0;
		};
/* End PBXSourcesBuildPhase section */

/* Begin XCBuildConfiguration section */
		041FA8AA1DD39BF900CFA640 /* Debug */ = {
			isa = XCBuildConfiguration;
			buildSettings = {
				ALWAYS_SEARCH_USER_PATHS = NO;
				CLANG_ANALYZER_NONNULL = YES;
				CLANG_CXX_LANGUAGE_STANDARD = "gnu++0x";
				CLANG_CXX_LIBRARY = "libc++";
				CLANG_ENABLE_MODULES = YES;
				CLANG_ENABLE_OBJC_ARC = YES;
				CLANG_WARN_BOOL_CONVERSION = YES;
				CLANG_WARN_CONSTANT_CONVERSION = YES;
				CLANG_WARN_DIRECT_OBJC_ISA_USAGE = YES_ERROR;
				CLANG_WARN_DOCUMENTATION_COMMENTS = YES;
				CLANG_WARN_EMPTY_BODY = YES;
				CLANG_WARN_ENUM_CONVERSION = YES;
				CLANG_WARN_INFINITE_RECURSION = YES;
				CLANG_WARN_INT_CONVERSION = YES;
				CLANG_WARN_OBJC_ROOT_CLASS = YES_ERROR;
				CLANG_WARN_SUSPICIOUS_MOVES = YES;
				CLANG_WARN_UNREACHABLE_CODE = YES;
				CLANG_WARN__DUPLICATE_METHOD_MATCH = YES;
				CODE_SIGN_IDENTITY = "-";
				COPY_PHASE_STRIP = NO;
				DEBUG_INFORMATION_FORMAT = dwarf;
				ENABLE_STRICT_OBJC_MSGSEND = YES;
				ENABLE_TESTABILITY = YES;
				GCC_C_LANGUAGE_STANDARD = gnu99;
				GCC_DYNAMIC_NO_PIC = NO;
				GCC_NO_COMMON_BLOCKS = YES;
				GCC_OPTIMIZATION_LEVEL = 0;
				GCC_PREPROCESSOR_DEFINITIONS = (
					"DEBUG=1",
					"$(inherited)",
				);
				GCC_WARN_64_TO_32_BIT_CONVERSION = YES;
				GCC_WARN_ABOUT_RETURN_TYPE = YES_ERROR;
				GCC_WARN_UNDECLARED_SELECTOR = YES;
				GCC_WARN_UNINITIALIZED_AUTOS = YES_AGGRESSIVE;
				GCC_WARN_UNUSED_FUNCTION = YES;
				GCC_WARN_UNUSED_VARIABLE = YES;
				MACOSX_DEPLOYMENT_TARGET = 10.12;
				MTL_ENABLE_DEBUG_INFO = YES;
				ONLY_ACTIVE_ARCH = YES;
				SDKROOT = macosx;
				SWIFT_OPTIMIZATION_LEVEL = "-Onone";
			};
			name = Debug;
		};
		041FA8AB1DD39BF900CFA640 /* Release */ = {
			isa = XCBuildConfiguration;
			buildSettings = {
				ALWAYS_SEARCH_USER_PATHS = NO;
				CLANG_ANALYZER_NONNULL = YES;
				CLANG_CXX_LANGUAGE_STANDARD = "gnu++0x";
				CLANG_CXX_LIBRARY = "libc++";
				CLANG_ENABLE_MODULES = YES;
				CLANG_ENABLE_OBJC_ARC = YES;
				CLANG_WARN_BOOL_CONVERSION = YES;
				CLANG_WARN_CONSTANT_CONVERSION = YES;
				CLANG_WARN_DIRECT_OBJC_ISA_USAGE = YES_ERROR;
				CLANG_WARN_DOCUMENTATION_COMMENTS = YES;
				CLANG_WARN_EMPTY_BODY = YES;
				CLANG_WARN_ENUM_CONVERSION = YES;
				CLANG_WARN_INFINITE_RECURSION = YES;
				CLANG_WARN_INT_CONVERSION = YES;
				CLANG_WARN_OBJC_ROOT_CLASS = YES_ERROR;
				CLANG_WARN_SUSPICIOUS_MOVES = YES;
				CLANG_WARN_UNREACHABLE_CODE = YES;
				CLANG_WARN__DUPLICATE_METHOD_MATCH = YES;
				CODE_SIGN_IDENTITY = "-";
				COPY_PHASE_STRIP = NO;
				DEBUG_INFORMATION_FORMAT = "dwarf-with-dsym";
				ENABLE_NS_ASSERTIONS = NO;
				ENABLE_STRICT_OBJC_MSGSEND = YES;
				GCC_C_LANGUAGE_STANDARD = gnu99;
				GCC_NO_COMMON_BLOCKS = YES;
				GCC_WARN_64_TO_32_BIT_CONVERSION = YES;
				GCC_WARN_ABOUT_RETURN_TYPE = YES_ERROR;
				GCC_WARN_UNDECLARED_SELECTOR = YES;
				GCC_WARN_UNINITIALIZED_AUTOS = YES_AGGRESSIVE;
				GCC_WARN_UNUSED_FUNCTION = YES;
				GCC_WARN_UNUSED_VARIABLE = YES;
				MACOSX_DEPLOYMENT_TARGET = 10.12;
				MTL_ENABLE_DEBUG_INFO = NO;
				SDKROOT = macosx;
			};
			name = Release;
		};
		041FA8AD1DD39BF900CFA640 /* Debug */ = {
			isa = XCBuildConfiguration;
			buildSettings = {
				PRODUCT_NAME = "$(TARGET_NAME)";
				SWIFT_VERSION = 3.0;
			};
			name = Debug;
		};
		041FA8AE1DD39BF900CFA640 /* Release */ = {
			isa = XCBuildConfiguration;
			buildSettings = {
				PRODUCT_NAME = "$(TARGET_NAME)";
				SWIFT_VERSION = 3.0;
			};
			name = Release;
		};
/* End XCBuildConfiguration section */

/* Begin XCConfigurationList section */
		041FA8A01DD39BF900CFA640 /* Build configuration list for PBXProject "Test-2" */ = {
			isa = XCConfigurationList;
			buildConfigurations = (
				041FA8AA1DD39BF900CFA640 /* Debug */,
				041FA8AB1DD39BF900CFA640 /* Release */,
			);
			defaultConfigurationIsVisible = 0;
			defaultConfigurationName = Release;
		};
		041FA8AC1DD39BF900CFA640 /* Build configuration list for PBXNativeTarget "Test-2" */ = {
			isa = XCConfigurationList;
			buildConfigurations = (
				041FA8AD1DD39BF900CFA640 /* Debug */,
				041FA8AE1DD39BF900CFA640 /* Release */,
			);
			defaultConfigurationIsVisible = 0;
			defaultConfigurationName = Release;
		};
/* End XCConfigurationList section */
	};
	rootObject = 041FA89D1DD39BF900CFA640 /* Project object */;
}
